# This file is automatically @generated by Cargo.
# It is not intended for manual editing.
version = 4

[[package]]
name = "forgeclaw"
version = "0.1.0"

[[package]]
name = "forgeclaw-agent-runner"
version = "0.1.0"

[[package]]
name = "forgeclaw-auth"
version = "0.1.0"

[[package]]
name = "forgeclaw-channels"
version = "0.1.0"

[[package]]
name = "forgeclaw-container"
version = "0.1.0"

[[package]]
name = "forgeclaw-core"
version = "0.1.0"

[[package]]
name = "forgeclaw-health"
version = "0.1.0"

[[package]]
name = "forgeclaw-ipc"
version = "0.1.0"

[[package]]
name = "forgeclaw-providers"
version = "0.1.0"

[[package]]
name = "forgeclaw-queue"
version = "0.1.0"

[[package]]
name = "forgeclaw-router"
version = "0.1.0"

[[package]]
name = "forgeclaw-scheduler"
version = "0.1.0"

[[package]]
name = "forgeclaw-store"
version = "0.1.0"

[[package]]
name = "forgeclaw-tanren"
version = "0.1.0"
